
Microsoft Visual Studio Solution File, Format Version 12.00
# Visual Studio Version 16
VisualStudioVersion = 16.0.32106.194
MinimumVisualStudioVersion = 10.0.40219.1
Project("{FAE04EC0-301F-11D3-BF4B-00C04F79EFBC}") = "techstud", "techstud.csproj", "{50D1CE5E-E3B7-498B-9321-45BEA8E9DC7F}"
EndProject
Global
	GlobalSection(SolutionConfigurationPlatforms) = preSolution
		Debug|Any CPU = Debug|Any CPU
		Release|Any CPU = Release|Any CPU
	EndGlobalSection
	GlobalSection(ProjectConfigurationPlatforms) = postSolution
		{50D1CE5E-E3B7-498B-9321-45BEA8E9DC7F}.Debug|Any CPU.ActiveCfg = Debug|Any CPU
		{50D1CE5E-E3B7-498B-9321-45BEA8E9DC7F}.Debug|Any CPU.Build.0 = Debug|Any CPU
		{50D1CE5E-E3B7-498B-9321-45BEA8E9DC7F}.Release|Any CPU.ActiveCfg = Release|Any CPU
		{50D1CE5E-E3B7-498B-9321-45BEA8E9DC7F}.Release|Any CPU.Build.0 = Release|Any CPU
	EndGlobalSection
	GlobalSection(SolutionProperties) = preSolution
		HideSolutionNode = FALSE
	EndGlobalSection
	GlobalSection(ExtensibilityGlobals) = postSolution
		SolutionGuid = {F72BF060-0976-4F8C-9FB3-52778BB6DDCB}
	EndGlobalSection
EndGlobal
